
Microsoft Visual Studio Solution File, Format Version 12.00
# Visual Studio Version 16
VisualStudioVersion = 16.0.32228.343
MinimumVisualStudioVersion = 10.0.40219.1
Project("{FAE04EC0-301F-11D3-BF4B-00C04F79EFBC}") = "StudentManagementSystem", "StudentManagementSystem.csproj", "{9BB61D42-A277-44CA-9B88-449379BE4A4E}"
EndProject
Global
	GlobalSection(SolutionConfigurationPlatforms) = preSolution
		Debug|Any CPU = Debug|Any CPU
		Release|Any CPU = Release|Any CPU
	EndGlobalSection
	GlobalSection(ProjectConfigurationPlatforms) = postSolution
		{9BB61D42-A277-44CA-9B88-449379BE4A4E}.Debug|Any CPU.ActiveCfg = Debug|Any CPU
		{9BB61D42-A277-44CA-9B88-449379BE4A4E}.Debug|Any CPU.Build.0 = Debug|Any CPU
		{9BB61D42-A277-44CA-9B88-449379BE4A4E}.Release|Any CPU.ActiveCfg = Release|Any CPU
		{9BB61D42-A277-44CA-9B88-449379BE4A4E}.Release|Any CPU.Build.0 = Release|Any CPU
	EndGlobalSection
	GlobalSection(SolutionProperties) = preSolution
		HideSolutionNode = FALSE
	EndGlobalSection
	GlobalSection(ExtensibilityGlobals) = postSolution
		SolutionGuid = {5A2300A4-A59E-4248-9218-BEA5865691F7}
	EndGlobalSection
EndGlobal
